
Microsoft Visual Studio Solution File, Format Version 12.00
Project("{FAE04EC0-301F-11D3-BF4B-00C04F79EFBC}") = "VineyardSite", "VineyardSite\VineyardSite.csproj", "{DD59204F-7A03-45D2-948F-6C51E6A1FB89}"
EndProject
Project("{FAE04EC0-301F-11D3-BF4B-00C04F79EFBC}") = "VineyardSiteUnitTest", "VineyardSiteUnitTest\VineyardSiteUnitTest.csproj", "{7FCA7555-89D8-456C-8303-D84E2268CCAC}"
EndProject
Global
	GlobalSection(SolutionConfigurationPlatforms) = preSolution
		Debug|Any CPU = Debug|Any CPU
		Release|Any CPU = Release|Any CPU
	EndGlobalSection
	GlobalSection(ProjectConfigurationPlatforms) = postSolution
		{DD59204F-7A03-45D2-948F-6C51E6A1FB89}.Debug|Any CPU.ActiveCfg = Debug|Any CPU
		{DD59204F-7A03-45D2-948F-6C51E6A1FB89}.Debug|Any CPU.Build.0 = Debug|Any CPU
		{DD59204F-7A03-45D2-948F-6C51E6A1FB89}.Release|Any CPU.ActiveCfg = Release|Any CPU
		{DD59204F-7A03-45D2-948F-6C51E6A1FB89}.Release|Any CPU.Build.0 = Release|Any CPU
		{7FCA7555-89D8-456C-8303-D84E2268CCAC}.Debug|Any CPU.ActiveCfg = Debug|Any CPU
		{7FCA7555-89D8-456C-8303-D84E2268CCAC}.Debug|Any CPU.Build.0 = Debug|Any CPU
		{7FCA7555-89D8-456C-8303-D84E2268CCAC}.Release|Any CPU.ActiveCfg = Release|Any CPU
		{7FCA7555-89D8-456C-8303-D84E2268CCAC}.Release|Any CPU.Build.0 = Release|Any CPU
	EndGlobalSection
EndGlobal
